
Microsoft Visual Studio Solution File, Format Version 12.00
# Visual Studio Version 16
VisualStudioVersion = 16.0.32901.82
MinimumVisualStudioVersion = 10.0.40219.1
Project("{FAE04EC0-301F-11D3-BF4B-00C04F79EFBC}") = "Static_Struct_enum_Extentions_HW!", "Static_Struct_enum_Extentions_HW!\Static_Struct_enum_Extentions_HW!.csproj", "{55436A7C-F4B3-4A34-8393-511A6902E2B2}"
EndProject
Project("{FAE04EC0-301F-11D3-BF4B-00C04F79EFBC}") = "Service", "Service\Service.csproj", "{674B5F02-F95E-44B2-87A9-0D980BB6D357}"
EndProject
Global
	GlobalSection(SolutionConfigurationPlatforms) = preSolution
		Debug|Any CPU = Debug|Any CPU
		Release|Any CPU = Release|Any CPU
	EndGlobalSection
	GlobalSection(ProjectConfigurationPlatforms) = postSolution
		{55436A7C-F4B3-4A34-8393-511A6902E2B2}.Debug|Any CPU.ActiveCfg = Debug|Any CPU
		{55436A7C-F4B3-4A34-8393-511A6902E2B2}.Debug|Any CPU.Build.0 = Debug|Any CPU
		{55436A7C-F4B3-4A34-8393-511A6902E2B2}.Release|Any CPU.ActiveCfg = Release|Any CPU
		{55436A7C-F4B3-4A34-8393-511A6902E2B2}.Release|Any CPU.Build.0 = Release|Any CPU
		{674B5F02-F95E-44B2-87A9-0D980BB6D357}.Debug|Any CPU.ActiveCfg = Debug|Any CPU
		{674B5F02-F95E-44B2-87A9-0D980BB6D357}.Debug|Any CPU.Build.0 = Debug|Any CPU
		{674B5F02-F95E-44B2-87A9-0D980BB6D357}.Release|Any CPU.ActiveCfg = Release|Any CPU
		{674B5F02-F95E-44B2-87A9-0D980BB6D357}.Release|Any CPU.Build.0 = Release|Any CPU
	EndGlobalSection
	GlobalSection(SolutionProperties) = preSolution
		HideSolutionNode = FALSE
	EndGlobalSection
	GlobalSection(ExtensibilityGlobals) = postSolution
		SolutionGuid = {BF139704-B9B0-4822-95D1-6689A1408B3C}
	EndGlobalSection
EndGlobal
